
Microsoft Visual Studio Solution File, Format Version 12.00
# Visual Studio Version 17
VisualStudioVersion = 17.3.32922.545
MinimumVisualStudioVersion = 10.0.40219.1
Project("{FAE04EC0-301F-11D3-BF4B-00C04F79EFBC}") = "RoyalGenGDriveUpload", "RoyalGenGDriveUpload\RoyalGenGDriveUpload.csproj", "{28FCB63D-0B08-4CBB-BC87-76EF4A720AFF}"
EndProject
Global
	GlobalSection(SolutionConfigurationPlatforms) = preSolution
		Debug|Any CPU = Debug|Any CPU
		Release|Any CPU = Release|Any CPU
	EndGlobalSection
	GlobalSection(ProjectConfigurationPlatforms) = postSolution
		{28FCB63D-0B08-4CBB-BC87-76EF4A720AFF}.Debug|Any CPU.ActiveCfg = Debug|Any CPU
		{28FCB63D-0B08-4CBB-BC87-76EF4A720AFF}.Debug|Any CPU.Build.0 = Debug|Any CPU
		{28FCB63D-0B08-4CBB-BC87-76EF4A720AFF}.Release|Any CPU.ActiveCfg = Release|Any CPU
		{28FCB63D-0B08-4CBB-BC87-76EF4A720AFF}.Release|Any CPU.Build.0 = Release|Any CPU
	EndGlobalSection
	GlobalSection(SolutionProperties) = preSolution
		HideSolutionNode = FALSE
	EndGlobalSection
	GlobalSection(ExtensibilityGlobals) = postSolution
		SolutionGuid = {8BDB35C8-0E01-449C-B2F9-F8794D5FF676}
	EndGlobalSection
EndGlobal
